
Microsoft Visual Studio Solution File, Format Version 12.00
# Visual Studio Version 16
VisualStudioVersion = 16.0.29102.190
MinimumVisualStudioVersion = 10.0.40219.1
Project("{FAE04EC0-301F-11D3-BF4B-00C04F79EFBC}") = "CCApp", "CCApp.csproj", "{B4D63DB6-BAC6-46D4-B7F7-BF56F68FC109}"
EndProject
Project("{FAE04EC0-301F-11D3-BF4B-00C04F79EFBC}") = "PrintingLib", "..\Libraries\PrintingLib\PrintingLib.csproj", "{527ADDD5-F782-4276-9EFE-3890DD1B34A9}"
EndProject
Global
	GlobalSection(SolutionConfigurationPlatforms) = preSolution
		Debug|Any CPU = Debug|Any CPU
		Release|Any CPU = Release|Any CPU
	EndGlobalSection
	GlobalSection(ProjectConfigurationPlatforms) = postSolution
		{B4D63DB6-BAC6-46D4-B7F7-BF56F68FC109}.Debug|Any CPU.ActiveCfg = Debug|Any CPU
		{B4D63DB6-BAC6-46D4-B7F7-BF56F68FC109}.Debug|Any CPU.Build.0 = Debug|Any CPU
		{B4D63DB6-BAC6-46D4-B7F7-BF56F68FC109}.Release|Any CPU.ActiveCfg = Release|Any CPU
		{B4D63DB6-BAC6-46D4-B7F7-BF56F68FC109}.Release|Any CPU.Build.0 = Release|Any CPU
		{527ADDD5-F782-4276-9EFE-3890DD1B34A9}.Debug|Any CPU.ActiveCfg = Debug|Any CPU
		{527ADDD5-F782-4276-9EFE-3890DD1B34A9}.Debug|Any CPU.Build.0 = Debug|Any CPU
		{527ADDD5-F782-4276-9EFE-3890DD1B34A9}.Release|Any CPU.ActiveCfg = Release|Any CPU
		{527ADDD5-F782-4276-9EFE-3890DD1B34A9}.Release|Any CPU.Build.0 = Release|Any CPU
	EndGlobalSection
	GlobalSection(SolutionProperties) = preSolution
		HideSolutionNode = FALSE
	EndGlobalSection
	GlobalSection(ExtensibilityGlobals) = postSolution
		SolutionGuid = {98EEF056-6B40-4FC5-8D1C-F798A15796C5}
	EndGlobalSection
EndGlobal
